// !$*UTF8*$!
{
	archiveVersion = 1;
	classes = {
	};
	objectVersion = 46;
	objects = {

/* Begin PBXBuildFile section */
		2C0F080D1E2B67C6009FC048 /* Assets.xcassets in Resources */ = {isa = PBXBuildFile; fileRef = 2C0F080C1E2B67C6009FC048 /* Assets.xcassets */; };
		2C0F08141E2B67C6009FC048 /* MessagesExtension.appex in Embed App Extensions */ = {isa = PBXBuildFile; fileRef = 2C0F08131E2B67C6009FC048 /* MessagesExtension.appex */; settings = {ATTRIBUTES = (RemoveHeadersOnCopy, ); }; };
		2C0F08191E2B67C6009FC048 /* Messages.framework in Frameworks */ = {isa = PBXBuildFile; fileRef = 2C0F08181E2B67C6009FC048 /* Messages.framework */; };
		2C0F081C1E2B67C6009FC048 /* MessagesVC.swift in Sources */ = {isa = PBXBuildFile; fileRef = 2C0F081B1E2B67C6009FC048 /* MessagesVC.swift */; };
		2C0F081F1E2B67C6009FC048 /* MainInterface.storyboard in Resources */ = {isa = PBXBuildFile; fileRef = 2C0F081D1E2B67C6009FC048 /* MainInterface.storyboard */; };
		2C0F08211E2B67C6009FC048 /* Assets.xcassets in Resources */ = {isa = PBXBuildFile; fileRef = 2C0F08201E2B67C6009FC048 /* Assets.xcassets */; };
		2C0F08311E2B74D7009FC048 /* GameVC.swift in Sources */ = {isa = PBXBuildFile; fileRef = 2C0F08301E2B74D7009FC048 /* GameVC.swift */; };
		2C0F08331E2B74E9009FC048 /* StickersVC.swift in Sources */ = {isa = PBXBuildFile; fileRef = 2C0F08321E2B74E9009FC048 /* StickersVC.swift */; };
		2C0F08361E2F74CB009FC048 /* MessageManager.swift in Sources */ = {isa = PBXBuildFile; fileRef = 2C0F08351E2F74CB009FC048 /* MessageManager.swift */; };
		2C7ECACD1E34081C00FF95DE /* RateTableViewCell.swift in Sources */ = {isa = PBXBuildFile; fileRef = 2C7ECACB1E34081C00FF95DE /* RateTableViewCell.swift */; };
		2C7ECACE1E34081C00FF95DE /* RateTableViewCell.xib in Resources */ = {isa = PBXBuildFile; fileRef = 2C7ECACC1E34081C00FF95DE /* RateTableViewCell.xib */; };
/* End PBXBuildFile section */

/* Begin PBXContainerItemProxy section */
		2C0F08151E2B67C6009FC048 /* PBXContainerItemProxy */ = {
			isa = PBXContainerItemProxy;
			containerPortal = 2C0F08031E2B67C6009FC048 /* Project object */;
			proxyType = 1;
			remoteGlobalIDString = 2C0F08121E2B67C6009FC048;
			remoteInfo = MessagesExtension;
		};
/* End PBXContainerItemProxy section */

/* Begin PBXCopyFilesBuildPhase section */
		2C0F08281E2B67C6009FC048 /* Embed App Extensions */ = {
			isa = PBXCopyFilesBuildPhase;
			buildActionMask = 2147483647;
			dstPath = "";
			dstSubfolderSpec = 13;
			files = (
				2C0F08141E2B67C6009FC048 /* MessagesExtension.appex in Embed App Extensions */,
			);
			name = "Embed App Extensions";
			runOnlyForDeploymentPostprocessing = 0;
		};
/* End PBXCopyFilesBuildPhase section */

/* Begin PBXFileReference section */
		2C0F08091E2B67C6009FC048 /* BandC.app */ = {isa = PBXFileReference; explicitFileType = wrapper.application; includeInIndex = 0; path = BandC.app; sourceTree = BUILT_PRODUCTS_DIR; };
		2C0F080C1E2B67C6009FC048 /* Assets.xcassets */ = {isa = PBXFileReference; lastKnownFileType = folder.assetcatalog; path = Assets.xcassets; sourceTree = "<group>"; };
		2C0F080E1E2B67C6009FC048 /* Info.plist */ = {isa = PBXFileReference; lastKnownFileType = text.plist.xml; path = Info.plist; sourceTree = "<group>"; };
		2C0F08131E2B67C6009FC048 /* MessagesExtension.appex */ = {isa = PBXFileReference; explicitFileType = "wrapper.app-extension"; includeInIndex = 0; path = MessagesExtension.appex; sourceTree = BUILT_PRODUCTS_DIR; };
		2C0F08181E2B67C6009FC048 /* Messages.framework */ = {isa = PBXFileReference; lastKnownFileType = wrapper.framework; name = Messages.framework; path = System/Library/Frameworks/Messages.framework; sourceTree = SDKROOT; };
		2C0F081B1E2B67C6009FC048 /* MessagesVC.swift */ = {isa = PBXFileReference; lastKnownFileType = sourcecode.swift; path = MessagesVC.swift; sourceTree = "<group>"; };
		2C0F081E1E2B67C6009FC048 /* Base */ = {isa = PBXFileReference; lastKnownFileType = file.storyboard; name = Base; path = Base.lproj/MainInterface.storyboard; sourceTree = "<group>"; };
		2C0F08201E2B67C6009FC048 /* Assets.xcassets */ = {isa = PBXFileReference; lastKnownFileType = folder.assetcatalog; path = Assets.xcassets; sourceTree = "<group>"; };
		2C0F08221E2B67C6009FC048 /* Info.plist */ = {isa = PBXFileReference; lastKnownFileType = text.plist.xml; path = Info.plist; sourceTree = "<group>"; };
		2C0F08301E2B74D7009FC048 /* GameVC.swift */ = {isa = PBXFileReference; fileEncoding = 4; lastKnownFileType = sourcecode.swift; path = GameVC.swift; sourceTree = "<group>"; };
		2C0F08321E2B74E9009FC048 /* StickersVC.swift */ = {isa = PBXFileReference; fileEncoding = 4; lastKnownFileType = sourcecode.swift; path = StickersVC.swift; sourceTree = "<group>"; };
		2C0F08351E2F74CB009FC048 /* MessageManager.swift */ = {isa = PBXFileReference; fileEncoding = 4; lastKnownFileType = sourcecode.swift; path = MessageManager.swift; sourceTree = "<group>"; };
		2C7ECACB1E34081C00FF95DE /* RateTableViewCell.swift */ = {isa = PBXFileReference; fileEncoding = 4; lastKnownFileType = sourcecode.swift; path = RateTableViewCell.swift; sourceTree = "<group>"; };
		2C7ECACC1E34081C00FF95DE /* RateTableViewCell.xib */ = {isa = PBXFileReference; fileEncoding = 4; lastKnownFileType = file.xib; path = RateTableViewCell.xib; sourceTree = "<group>"; };
/* End PBXFileReference section */

/* Begin PBXFrameworksBuildPhase section */
		2C0F08101E2B67C6009FC048 /* Frameworks */ = {
			isa = PBXFrameworksBuildPhase;
			buildActionMask = 2147483647;
			files = (
				2C0F08191E2B67C6009FC048 /* Messages.framework in Frameworks */,
			);
			runOnlyForDeploymentPostprocessing = 0;
		};
/* End PBXFrameworksBuildPhase section */

/* Begin PBXGroup section */
		2C0F08021E2B67C6009FC048 = {
			isa = PBXGroup;
			children = (
				2C0F080B1E2B67C6009FC048 /* BandC */,
				2C0F081A1E2B67C6009FC048 /* MessagesExtension */,
				2C0F08171E2B67C6009FC048 /* Frameworks */,
				2C0F080A1E2B67C6009FC048 /* Products */,
			);
			sourceTree = "<group>";
		};
		2C0F080A1E2B67C6009FC048 /* Products */ = {
			isa = PBXGroup;
			children = (
				2C0F08091E2B67C6009FC048 /* BandC.app */,
				2C0F08131E2B67C6009FC048 /* MessagesExtension.appex */,
			);
			name = Products;
			sourceTree = "<group>";
		};
		2C0F080B1E2B67C6009FC048 /* BandC */ = {
			isa = PBXGroup;
			children = (
				2C0F080C1E2B67C6009FC048 /* Assets.xcassets */,
				2C0F080E1E2B67C6009FC048 /* Info.plist */,
			);
			path = BandC;
			sourceTree = "<group>";
		};
		2C0F08171E2B67C6009FC048 /* Frameworks */ = {
			isa = PBXGroup;
			children = (
				2C0F08181E2B67C6009FC048 /* Messages.framework */,
			);
			name = Frameworks;
			sourceTree = "<group>";
		};
		2C0F081A1E2B67C6009FC048 /* MessagesExtension */ = {
			isa = PBXGroup;
			children = (
				2C7ECACA1E3407F100FF95DE /* TableViewCells */,
				2C0F08341E2CFF99009FC048 /* Managers */,
				2C0F082D1E2B70DD009FC048 /* Views */,
				2C0F082C1E2B7091009FC048 /* ViewControllers */,
				2C0F081D1E2B67C6009FC048 /* MainInterface.storyboard */,
				2C0F08201E2B67C6009FC048 /* Assets.xcassets */,
				2C0F08221E2B67C6009FC048 /* Info.plist */,
			);
			path = MessagesExtension;
			sourceTree = "<group>";
		};
		2C0F082C1E2B7091009FC048 /* ViewControllers */ = {
			isa = PBXGroup;
			children = (
				2C0F081B1E2B67C6009FC048 /* MessagesVC.swift */,
				2C0F08301E2B74D7009FC048 /* GameVC.swift */,
				2C0F08321E2B74E9009FC048 /* StickersVC.swift */,
			);
			name = ViewControllers;
			sourceTree = "<group>";
		};
		2C0F082D1E2B70DD009FC048 /* Views */ = {
			isa = PBXGroup;
			children = (
			);
			name = Views;
			sourceTree = "<group>";
		};
		2C0F08341E2CFF99009FC048 /* Managers */ = {
			isa = PBXGroup;
			children = (
				2C0F08351E2F74CB009FC048 /* MessageManager.swift */,
			);
			name = Managers;
			sourceTree = "<group>";
		};
		2C7ECACA1E3407F100FF95DE /* TableViewCells */ = {
			isa = PBXGroup;
			children = (
				2C7ECACB1E34081C00FF95DE /* RateTableViewCell.swift */,
				2C7ECACC1E34081C00FF95DE /* RateTableViewCell.xib */,
			);
			name = TableViewCells;
			sourceTree = "<group>";
		};
/* End PBXGroup section */

/* Begin PBXNativeTarget section */
		2C0F08081E2B67C6009FC048 /* BandC */ = {
			isa = PBXNativeTarget;
			buildConfigurationList = 2C0F08291E2B67C6009FC048 /* Build configuration list for PBXNativeTarget "BandC" */;
			buildPhases = (
				2C0F08071E2B67C6009FC048 /* Resources */,
				2C0F08281E2B67C6009FC048 /* Embed App Extensions */,
			);
			buildRules = (
			);
			dependencies = (
				2C0F08161E2B67C6009FC048 /* PBXTargetDependency */,
			);
			name = BandC;
			productName = BandC;
			productReference = 2C0F08091E2B67C6009FC048 /* BandC.app */;
			productType = "com.apple.product-type.application.messages";
		};
		2C0F08121E2B67C6009FC048 /* MessagesExtension */ = {
			isa = PBXNativeTarget;
			buildConfigurationList = 2C0F08251E2B67C6009FC048 /* Build configuration list for PBXNativeTarget "MessagesExtension" */;
			buildPhases = (
				2C0F080F1E2B67C6009FC048 /* Sources */,
				2C0F08101E2B67C6009FC048 /* Frameworks */,
				2C0F08111E2B67C6009FC048 /* Resources */,
			);
			buildRules = (
			);
			dependencies = (
			);
			name = MessagesExtension;
			productName = MessagesExtension;
			productReference = 2C0F08131E2B67C6009FC048 /* MessagesExtension.appex */;
			productType = "com.apple.product-type.app-extension.messages";
		};
/* End PBXNativeTarget section */

/* Begin PBXProject section */
		2C0F08031E2B67C6009FC048 /* Project object */ = {
			isa = PBXProject;
			attributes = {
				LastSwiftUpdateCheck = 0820;
				LastUpgradeCheck = 0820;
				ORGANIZATIONNAME = "Ivan Trofimov";
				TargetAttributes = {
					2C0F08081E2B67C6009FC048 = {
						CreatedOnToolsVersion = 8.2.1;
						DevelopmentTeam = B5SWW93MKD;
						ProvisioningStyle = Automatic;
					};
					2C0F08121E2B67C6009FC048 = {
						CreatedOnToolsVersion = 8.2.1;
						ProvisioningStyle = Automatic;
					};
				};
			};
			buildConfigurationList = 2C0F08061E2B67C6009FC048 /* Build configuration list for PBXProject "BandC" */;
			compatibilityVersion = "Xcode 3.2";
			developmentRegion = English;
			hasScannedForEncodings = 0;
			knownRegions = (
				en,
				Base,
			);
			mainGroup = 2C0F08021E2B67C6009FC048;
			productRefGroup = 2C0F080A1E2B67C6009FC048 /* Products */;
			projectDirPath = "";
			projectRoot = "";
			targets = (
				2C0F08081E2B67C6009FC048 /* BandC */,
				2C0F08121E2B67C6009FC048 /* MessagesExtension */,
			);
		};
/* End PBXProject section */

/* Begin PBXResourcesBuildPhase section */
		2C0F08071E2B67C6009FC048 /* Resources */ = {
			isa = PBXResourcesBuildPhase;
			buildActionMask = 2147483647;
			files = (
				2C0F080D1E2B67C6009FC048 /* Assets.xcassets in Resources */,
			);
			runOnlyForDeploymentPostprocessing = 0;
		};
		2C0F08111E2B67C6009FC048 /* Resources */ = {
			isa = PBXResourcesBuildPhase;
			buildActionMask = 2147483647;
			files = (
				2C0F08211E2B67C6009FC048 /* Assets.xcassets in Resources */,
				2C7ECACE1E34081C00FF95DE /* RateTableViewCell.xib in Resources */,
				2C0F081F1E2B67C6009FC048 /* MainInterface.storyboard in Resources */,
			);
			runOnlyForDeploymentPostprocessing = 0;
		};
/* End PBXResourcesBuildPhase section */

/* Begin PBXSourcesBuildPhase section */
		2C0F080F1E2B67C6009FC048 /* Sources */ = {
			isa = PBXSourcesBuildPhase;
			buildActionMask = 2147483647;
			files = (
				2C0F08331E2B74E9009FC048 /* StickersVC.swift in Sources */,
				2C0F08311E2B74D7009FC048 /* GameVC.swift in Sources */,
				2C0F081C1E2B67C6009FC048 /* MessagesVC.swift in Sources */,
				2C7ECACD1E34081C00FF95DE /* RateTableViewCell.swift in Sources */,
				2C0F08361E2F74CB009FC048 /* MessageManager.swift in Sources */,
			);
			runOnlyForDeploymentPostprocessing = 0;
		};
/* End PBXSourcesBuildPhase section */

/* Begin PBXTargetDependency section */
		2C0F08161E2B67C6009FC048 /* PBXTargetDependency */ = {
			isa = PBXTargetDependency;
			target = 2C0F08121E2B67C6009FC048 /* MessagesExtension */;
			targetProxy = 2C0F08151E2B67C6009FC048 /* PBXContainerItemProxy */;
		};
/* End PBXTargetDependency section */

/* Begin PBXVariantGroup section */
		2C0F081D1E2B67C6009FC048 /* MainInterface.storyboard */ = {
			isa = PBXVariantGroup;
			children = (
				2C0F081E1E2B67C6009FC048 /* Base */,
			);
			name = MainInterface.storyboard;
			sourceTree = "<group>";
		};
/* End PBXVariantGroup section */

/* Begin XCBuildConfiguration section */
		2C0F08231E2B67C6009FC048 /* Debug */ = {
			isa = XCBuildConfiguration;
			buildSettings = {
				ALWAYS_SEARCH_USER_PATHS = NO;
				CLANG_ANALYZER_NONNULL = YES;
				CLANG_CXX_LANGUAGE_STANDARD = "gnu++0x";
				CLANG_CXX_LIBRARY = "libc++";
				CLANG_ENABLE_MODULES = YES;
				CLANG_ENABLE_OBJC_ARC = YES;
				CLANG_WARN_BOOL_CONVERSION = YES;
				CLANG_WARN_CONSTANT_CONVERSION = YES;
				CLANG_WARN_DIRECT_OBJC_ISA_USAGE = YES_ERROR;
				CLANG_WARN_DOCUMENTATION_COMMENTS = YES;
				CLANG_WARN_EMPTY_BODY = YES;
				CLANG_WARN_ENUM_CONVERSION = YES;
				CLANG_WARN_INFINITE_RECURSION = YES;
				CLANG_WARN_INT_CONVERSION = YES;
				CLANG_WARN_OBJC_ROOT_CLASS = YES_ERROR;
				CLANG_WARN_SUSPICIOUS_MOVE = YES;
				CLANG_WARN_UNREACHABLE_CODE = YES;
				CLANG_WARN__DUPLICATE_METHOD_MATCH = YES;
				"CODE_SIGN_IDENTITY[sdk=iphoneos*]" = "iPhone Developer";
				COPY_PHASE_STRIP = NO;
				DEBUG_INFORMATION_FORMAT = dwarf;
				ENABLE_STRICT_OBJC_MSGSEND = YES;
				ENABLE_TESTABILITY = YES;
				GCC_C_LANGUAGE_STANDARD = gnu99;
				GCC_DYNAMIC_NO_PIC = NO;
				GCC_NO_COMMON_BLOCKS = YES;
				GCC_OPTIMIZATION_LEVEL = 0;
				GCC_PREPROCESSOR_DEFINITIONS = (
					"DEBUG=1",
					"$(inherited)",
				);
				GCC_WARN_64_TO_32_BIT_CONVERSION = YES;
				GCC_WARN_ABOUT_RETURN_TYPE = YES_ERROR;
				GCC_WARN_UNDECLARED_SELECTOR = YES;
				GCC_WARN_UNINITIALIZED_AUTOS = YES_AGGRESSIVE;
				GCC_WARN_UNUSED_FUNCTION = YES;
				GCC_WARN_UNUSED_VARIABLE = YES;
				IPHONEOS_DEPLOYMENT_TARGET = 10.2;
				MTL_ENABLE_DEBUG_INFO = YES;
				ONLY_ACTIVE_ARCH = YES;
				SDKROOT = iphoneos;
				SWIFT_ACTIVE_COMPILATION_CONDITIONS = DEBUG;
				SWIFT_OPTIMIZATION_LEVEL = "-Onone";
				TARGETED_DEVICE_FAMILY = "1,2";
			};
			name = Debug;
		};
		2C0F08241E2B67C6009FC048 /* Release */ = {
			isa = XCBuildConfiguration;
			buildSettings = {
				ALWAYS_SEARCH_USER_PATHS = NO;
				CLANG_ANALYZER_NONNULL = YES;
				CLANG_CXX_LANGUAGE_STANDARD = "gnu++0x";
				CLANG_CXX_LIBRARY = "libc++";
				CLANG_ENABLE_MODULES = YES;
				CLANG_ENABLE_OBJC_ARC = YES;
				CLANG_WARN_BOOL_CONVERSION = YES;
				CLANG_WARN_CONSTANT_CONVERSION = YES;
				CLANG_WARN_DIRECT_OBJC_ISA_USAGE = YES_ERROR;
				CLANG_WARN_DOCUMENTATION_COMMENTS = YES;
				CLANG_WARN_EMPTY_BODY = YES;
				CLANG_WARN_ENUM_CONVERSION = YES;
				CLANG_WARN_INFINITE_RECURSION = YES;
				CLANG_WARN_INT_CONVERSION = YES;
				CLANG_WARN_OBJC_ROOT_CLASS = YES_ERROR;
				CLANG_WARN_SUSPICIOUS_MOVE = YES;
				CLANG_WARN_UNREACHABLE_CODE = YES;
				CLANG_WARN__DUPLICATE_METHOD_MATCH = YES;
				"CODE_SIGN_IDENTITY[sdk=iphoneos*]" = "iPhone Developer";
				COPY_PHASE_STRIP = NO;
				DEBUG_INFORMATION_FORMAT = "dwarf-with-dsym";
				ENABLE_NS_ASSERTIONS = NO;
				ENABLE_STRICT_OBJC_MSGSEND = YES;
				GCC_C_LANGUAGE_STANDARD = gnu99;
				GCC_NO_COMMON_BLOCKS = YES;
				GCC_WARN_64_TO_32_BIT_CONVERSION = YES;
				GCC_WARN_ABOUT_RETURN_TYPE = YES_ERROR;
				GCC_WARN_UNDECLARED_SELECTOR = YES;
				GCC_WARN_UNINITIALIZED_AUTOS = YES_AGGRESSIVE;
				GCC_WARN_UNUSED_FUNCTION = YES;
				GCC_WARN_UNUSED_VARIABLE = YES;
				IPHONEOS_DEPLOYMENT_TARGET = 10.2;
				MTL_ENABLE_DEBUG_INFO = NO;
				SDKROOT = iphoneos;
				SWIFT_OPTIMIZATION_LEVEL = "-Owholemodule";
				TARGETED_DEVICE_FAMILY = "1,2";
				VALIDATE_PRODUCT = YES;
			};
			name = Release;
		};
		2C0F08261E2B67C6009FC048 /* Debug */ = {
			isa = XCBuildConfiguration;
			buildSettings = {
				ASSETCATALOG_COMPILER_APPICON_NAME = "iMessage App Icon";
				INFOPLIST_FILE = MessagesExtension/Info.plist;
				LD_RUNPATH_SEARCH_PATHS = "$(inherited) @executable_path/Frameworks @executable_path/../../Frameworks";
				PRODUCT_BUNDLE_IDENTIFIER = Trofimov.BandC.MessagesExtension;
				PRODUCT_NAME = "$(TARGET_NAME)";
				SKIP_INSTALL = YES;
				SWIFT_VERSION = 3.0;
			};
			name = Debug;
		};
		2C0F08271E2B67C6009FC048 /* Release */ = {
			isa = XCBuildConfiguration;
			buildSettings = {
				ASSETCATALOG_COMPILER_APPICON_NAME = "iMessage App Icon";
				INFOPLIST_FILE = MessagesExtension/Info.plist;
				LD_RUNPATH_SEARCH_PATHS = "$(inherited) @executable_path/Frameworks @executable_path/../../Frameworks";
				PRODUCT_BUNDLE_IDENTIFIER = Trofimov.BandC.MessagesExtension;
				PRODUCT_NAME = "$(TARGET_NAME)";
				SKIP_INSTALL = YES;
				SWIFT_VERSION = 3.0;
			};
			name = Release;
		};
		2C0F082A1E2B67C6009FC048 /* Debug */ = {
			isa = XCBuildConfiguration;
			buildSettings = {
				ALWAYS_EMBED_SWIFT_STANDARD_LIBRARIES = YES;
				ASSETCATALOG_COMPILER_APPICON_NAME = AppIcon;
				"CODE_SIGN_IDENTITY[sdk=iphoneos*]" = "iPhone Developer";
				DEVELOPMENT_TEAM = B5SWW93MKD;
				INFOPLIST_FILE = BandC/Info.plist;
				IPHONEOS_DEPLOYMENT_TARGET = 10.1;
				PRODUCT_BUNDLE_IDENTIFIER = Trofimov.BandC;
				PRODUCT_NAME = "$(TARGET_NAME)";
				SWIFT_VERSION = 3.0;
			};
			name = Debug;
		};
		2C0F082B1E2B67C6009FC048 /* Release */ = {
			isa = XCBuildConfiguration;
			buildSettings = {
				ALWAYS_EMBED_SWIFT_STANDARD_LIBRARIES = YES;
				ASSETCATALOG_COMPILER_APPICON_NAME = AppIcon;
				"CODE_SIGN_IDENTITY[sdk=iphoneos*]" = "iPhone Developer";
				DEVELOPMENT_TEAM = B5SWW93MKD;
				INFOPLIST_FILE = BandC/Info.plist;
				IPHONEOS_DEPLOYMENT_TARGET = 10.1;
				PRODUCT_BUNDLE_IDENTIFIER = Trofimov.BandC;
				PRODUCT_NAME = "$(TARGET_NAME)";
				SWIFT_VERSION = 3.0;
			};
			name = Release;
		};
/* End XCBuildConfiguration section */

/* Begin XCConfigurationList section */
		2C0F08061E2B67C6009FC048 /* Build configuration list for PBXProject "BandC" */ = {
			isa = XCConfigurationList;
			buildConfigurations = (
				2C0F08231E2B67C6009FC048 /* Debug */,
				2C0F08241E2B67C6009FC048 /* Release */,
			);
			defaultConfigurationIsVisible = 0;
			defaultConfigurationName = Release;
		};
		2C0F08251E2B67C6009FC048 /* Build configuration list for PBXNativeTarget "MessagesExtension" */ = {
			isa = XCConfigurationList;
			buildConfigurations = (
				2C0F08261E2B67C6009FC048 /* Debug */,
				2C0F08271E2B67C6009FC048 /* Release */,
			);
			defaultConfigurationIsVisible = 0;
			defaultConfigurationName = Release;
		};
		2C0F08291E2B67C6009FC048 /* Build configuration list for PBXNativeTarget "BandC" */ = {
			isa = XCConfigurationList;
			buildConfigurations = (
				2C0F082A1E2B67C6009FC048 /* Debug */,
				2C0F082B1E2B67C6009FC048 /* Release */,
			);
			defaultConfigurationIsVisible = 0;
			defaultConfigurationName = Release;
		};
/* End XCConfigurationList section */
	};
	rootObject = 2C0F08031E2B67C6009FC048 /* Project object */;
}
